// !$*UTF8*$!
{
	archiveVersion = 1;
	classes = {
	};
	objectVersion = 55;
	objects = {

/* Begin PBXBuildFile section */
		7B94D8A6273B6A5500D5A701 /* CoreDataProjectApp.swift in Sources */ = {isa = PBXBuildFile; fileRef = 7B94D8A5273B6A5500D5A701 /* CoreDataProjectApp.swift */; };
		7B94D8A8273B6A5500D5A701 /* ContentView.swift in Sources */ = {isa = PBXBuildFile; fileRef = 7B94D8A7273B6A5500D5A701 /* ContentView.swift */; };
		7B94D8AA273B6A5600D5A701 /* Assets.xcassets in Resources */ = {isa = PBXBuildFile; fileRef = 7B94D8A9273B6A5600D5A701 /* Assets.xcassets */; };
		7B94D8AD273B6A5600D5A701 /* Preview Assets.xcassets in Resources */ = {isa = PBXBuildFile; fileRef = 7B94D8AC273B6A5600D5A701 /* Preview Assets.xcassets */; };
		7B94D8AF273B6A5600D5A701 /* Persistence.swift in Sources */ = {isa = PBXBuildFile; fileRef = 7B94D8AE273B6A5600D5A701 /* Persistence.swift */; };
		7B94D8B2273B6A5600D5A701 /* CoreDataProject.xcdatamodeld in Sources */ = {isa = PBXBuildFile; fileRef = 7B94D8B0273B6A5600D5A701 /* CoreDataProject.xcdatamodeld */; };
		7B94D8BA273B8D4400D5A701 /* Movie+CoreDataClass.swift in Sources */ = {isa = PBXBuildFile; fileRef = 7B94D8B8273B8D4400D5A701 /* Movie+CoreDataClass.swift */; };
		7B94D8BB273B8D4400D5A701 /* Movie+CoreDataProperties.swift in Sources */ = {isa = PBXBuildFile; fileRef = 7B94D8B9273B8D4400D5A701 /* Movie+CoreDataProperties.swift */; };
		7B94D8BD273B8F7300D5A701 /* HashableView.swift in Sources */ = {isa = PBXBuildFile; fileRef = 7B94D8BC273B8F7300D5A701 /* HashableView.swift */; };
		7B94D8BF273B913600D5A701 /* ConditionalSavingView.swift in Sources */ = {isa = PBXBuildFile; fileRef = 7B94D8BE273B913600D5A701 /* ConditionalSavingView.swift */; };
		7B94D8C1273B91EB00D5A701 /* UniqueObjectView.swift in Sources */ = {isa = PBXBuildFile; fileRef = 7B94D8C0273B91EB00D5A701 /* UniqueObjectView.swift */; };
		7B9A8B4D273CBC1D002ECF1B /* FileteringView.swift in Sources */ = {isa = PBXBuildFile; fileRef = 7B9A8B4C273CBC1D002ECF1B /* FileteringView.swift */; };
		7B9A8B4F273CC557002ECF1B /* DynamicFilteringView.swift in Sources */ = {isa = PBXBuildFile; fileRef = 7B9A8B4E273CC557002ECF1B /* DynamicFilteringView.swift */; };
		7B9A8B52273CC5C9002ECF1B /* Singer+CoreDataClass.swift in Sources */ = {isa = PBXBuildFile; fileRef = 7B9A8B50273CC5C9002ECF1B /* Singer+CoreDataClass.swift */; };
		7B9A8B53273CC5C9002ECF1B /* Singer+CoreDataProperties.swift in Sources */ = {isa = PBXBuildFile; fileRef = 7B9A8B51273CC5C9002ECF1B /* Singer+CoreDataProperties.swift */; };
		7B9A8B55273CC7C7002ECF1B /* FilteredList.swift in Sources */ = {isa = PBXBuildFile; fileRef = 7B9A8B54273CC7C7002ECF1B /* FilteredList.swift */; };
		7B9A8B5A273CEB83002ECF1B /* Country+CoreDataClass.swift in Sources */ = {isa = PBXBuildFile; fileRef = 7B9A8B56273CEB83002ECF1B /* Country+CoreDataClass.swift */; };
		7B9A8B5B273CEB83002ECF1B /* Country+CoreDataProperties.swift in Sources */ = {isa = PBXBuildFile; fileRef = 7B9A8B57273CEB83002ECF1B /* Country+CoreDataProperties.swift */; };
		7B9A8B5C273CEB83002ECF1B /* Candy+CoreDataClass.swift in Sources */ = {isa = PBXBuildFile; fileRef = 7B9A8B58273CEB83002ECF1B /* Candy+CoreDataClass.swift */; };
		7B9A8B5D273CEB83002ECF1B /* Candy+CoreDataProperties.swift in Sources */ = {isa = PBXBuildFile; fileRef = 7B9A8B59273CEB83002ECF1B /* Candy+CoreDataProperties.swift */; };
		7B9A8B5F273CEE12002ECF1B /* RelationshipView.swift in Sources */ = {isa = PBXBuildFile; fileRef = 7B9A8B5E273CEE12002ECF1B /* RelationshipView.swift */; };
/* End PBXBuildFile section */

/* Begin PBXFileReference section */
		7B94D8A2273B6A5500D5A701 /* CoreDataProject.app */ = {isa = PBXFileReference; explicitFileType = wrapper.application; includeInIndex = 0; path = CoreDataProject.app; sourceTree = BUILT_PRODUCTS_DIR; };
		7B94D8A5273B6A5500D5A701 /* CoreDataProjectApp.swift */ = {isa = PBXFileReference; lastKnownFileType = sourcecode.swift; path = CoreDataProjectApp.swift; sourceTree = "<group>"; };
		7B94D8A7273B6A5500D5A701 /* ContentView.swift */ = {isa = PBXFileReference; lastKnownFileType = sourcecode.swift; path = ContentView.swift; sourceTree = "<group>"; };
		7B94D8A9273B6A5600D5A701 /* Assets.xcassets */ = {isa = PBXFileReference; lastKnownFileType = folder.assetcatalog; path = Assets.xcassets; sourceTree = "<group>"; };
		7B94D8AC273B6A5600D5A701 /* Preview Assets.xcassets */ = {isa = PBXFileReference; lastKnownFileType = folder.assetcatalog; path = "Preview Assets.xcassets"; sourceTree = "<group>"; };
		7B94D8AE273B6A5600D5A701 /* Persistence.swift */ = {isa = PBXFileReference; lastKnownFileType = sourcecode.swift; path = Persistence.swift; sourceTree = "<group>"; };
		7B94D8B1273B6A5600D5A701 /* CoreDataProject.xcdatamodel */ = {isa = PBXFileReference; lastKnownFileType = wrapper.xcdatamodel; path = CoreDataProject.xcdatamodel; sourceTree = "<group>"; };
		7B94D8B8273B8D4400D5A701 /* Movie+CoreDataClass.swift */ = {isa = PBXFileReference; lastKnownFileType = sourcecode.swift; name = "Movie+CoreDataClass.swift"; path = "CoreDataProject/CoreData/Movie+CoreDataClass.swift"; sourceTree = SOURCE_ROOT; };
		7B94D8B9273B8D4400D5A701 /* Movie+CoreDataProperties.swift */ = {isa = PBXFileReference; lastKnownFileType = sourcecode.swift; name = "Movie+CoreDataProperties.swift"; path = "CoreDataProject/CoreData/Movie+CoreDataProperties.swift"; sourceTree = SOURCE_ROOT; };
		7B94D8BC273B8F7300D5A701 /* HashableView.swift */ = {isa = PBXFileReference; lastKnownFileType = sourcecode.swift; path = HashableView.swift; sourceTree = "<group>"; };
		7B94D8BE273B913600D5A701 /* ConditionalSavingView.swift */ = {isa = PBXFileReference; lastKnownFileType = sourcecode.swift; path = ConditionalSavingView.swift; sourceTree = "<group>"; };
		7B94D8C0273B91EB00D5A701 /* UniqueObjectView.swift */ = {isa = PBXFileReference; lastKnownFileType = sourcecode.swift; path = UniqueObjectView.swift; sourceTree = "<group>"; };
		7B9A8B4C273CBC1D002ECF1B /* FileteringView.swift */ = {isa = PBXFileReference; lastKnownFileType = sourcecode.swift; path = FileteringView.swift; sourceTree = "<group>"; };
		7B9A8B4E273CC557002ECF1B /* DynamicFilteringView.swift */ = {isa = PBXFileReference; lastKnownFileType = sourcecode.swift; path = DynamicFilteringView.swift; sourceTree = "<group>"; };
		7B9A8B50273CC5C9002ECF1B /* Singer+CoreDataClass.swift */ = {isa = PBXFileReference; lastKnownFileType = sourcecode.swift; path = "Singer+CoreDataClass.swift"; sourceTree = SOURCE_ROOT; };
		7B9A8B51273CC5C9002ECF1B /* Singer+CoreDataProperties.swift */ = {isa = PBXFileReference; lastKnownFileType = sourcecode.swift; path = "Singer+CoreDataProperties.swift"; sourceTree = SOURCE_ROOT; };
		7B9A8B54273CC7C7002ECF1B /* FilteredList.swift */ = {isa = PBXFileReference; lastKnownFileType = sourcecode.swift; path = FilteredList.swift; sourceTree = "<group>"; };
		7B9A8B56273CEB83002ECF1B /* Country+CoreDataClass.swift */ = {isa = PBXFileReference; lastKnownFileType = sourcecode.swift; path = "Country+CoreDataClass.swift"; sourceTree = SOURCE_ROOT; };
		7B9A8B57273CEB83002ECF1B /* Country+CoreDataProperties.swift */ = {isa = PBXFileReference; lastKnownFileType = sourcecode.swift; path = "Country+CoreDataProperties.swift"; sourceTree = SOURCE_ROOT; };
		7B9A8B58273CEB83002ECF1B /* Candy+CoreDataClass.swift */ = {isa = PBXFileReference; lastKnownFileType = sourcecode.swift; path = "Candy+CoreDataClass.swift"; sourceTree = SOURCE_ROOT; };
		7B9A8B59273CEB83002ECF1B /* Candy+CoreDataProperties.swift */ = {isa = PBXFileReference; lastKnownFileType = sourcecode.swift; path = "Candy+CoreDataProperties.swift"; sourceTree = SOURCE_ROOT; };
		7B9A8B5E273CEE12002ECF1B /* RelationshipView.swift */ = {isa = PBXFileReference; lastKnownFileType = sourcecode.swift; path = RelationshipView.swift; sourceTree = "<group>"; };
/* End PBXFileReference section */

/* Begin PBXFrameworksBuildPhase section */
		7B94D89F273B6A5500D5A701 /* Frameworks */ = {
			isa = PBXFrameworksBuildPhase;
			buildActionMask = 2147483647;
			files = (
			);
			runOnlyForDeploymentPostprocessing = 0;
		};
/* End PBXFrameworksBuildPhase section */

/* Begin PBXGroup section */
		7B94D899273B6A5500D5A701 = {
			isa = PBXGroup;
			children = (
				7B94D8A4273B6A5500D5A701 /* CoreDataProject */,
				7B94D8A3273B6A5500D5A701 /* Products */,
			);
			sourceTree = "<group>";
		};
		7B94D8A3273B6A5500D5A701 /* Products */ = {
			isa = PBXGroup;
			children = (
				7B94D8A2273B6A5500D5A701 /* CoreDataProject.app */,
			);
			name = Products;
			sourceTree = "<group>";
		};
		7B94D8A4273B6A5500D5A701 /* CoreDataProject */ = {
			isa = PBXGroup;
			children = (
				7B94D8A5273B6A5500D5A701 /* CoreDataProjectApp.swift */,
				7B9A8B56273CEB83002ECF1B /* Country+CoreDataClass.swift */,
				7B9A8B57273CEB83002ECF1B /* Country+CoreDataProperties.swift */,
				7B9A8B58273CEB83002ECF1B /* Candy+CoreDataClass.swift */,
				7B9A8B59273CEB83002ECF1B /* Candy+CoreDataProperties.swift */,
				7B9A8B50273CC5C9002ECF1B /* Singer+CoreDataClass.swift */,
				7B9A8B51273CC5C9002ECF1B /* Singer+CoreDataProperties.swift */,
				7B94D8C2273B92E500D5A701 /* CoreData */,
				7B94D8C3273B94D200D5A701 /* Lecons */,
				7B94D8A7273B6A5500D5A701 /* ContentView.swift */,
				7B94D8A9273B6A5600D5A701 /* Assets.xcassets */,
				7B94D8AB273B6A5600D5A701 /* Preview Content */,
			);
			path = CoreDataProject;
			sourceTree = "<group>";
		};
		7B94D8AB273B6A5600D5A701 /* Preview Content */ = {
			isa = PBXGroup;
			children = (
				7B94D8AC273B6A5600D5A701 /* Preview Assets.xcassets */,
			);
			path = "Preview Content";
			sourceTree = "<group>";
		};
		7B94D8C2273B92E500D5A701 /* CoreData */ = {
			isa = PBXGroup;
			children = (
				7B94D8B8273B8D4400D5A701 /* Movie+CoreDataClass.swift */,
				7B94D8B9273B8D4400D5A701 /* Movie+CoreDataProperties.swift */,
				7B94D8AE273B6A5600D5A701 /* Persistence.swift */,
				7B94D8B0273B6A5600D5A701 /* CoreDataProject.xcdatamodeld */,
			);
			path = CoreData;
			sourceTree = "<group>";
		};
		7B94D8C3273B94D200D5A701 /* Lecons */ = {
			isa = PBXGroup;
			children = (
				7B94D8BC273B8F7300D5A701 /* HashableView.swift */,
				7B94D8BE273B913600D5A701 /* ConditionalSavingView.swift */,
				7B94D8C0273B91EB00D5A701 /* UniqueObjectView.swift */,
				7B9A8B4C273CBC1D002ECF1B /* FileteringView.swift */,
				7B9A8B4E273CC557002ECF1B /* DynamicFilteringView.swift */,
				7B9A8B54273CC7C7002ECF1B /* FilteredList.swift */,
				7B9A8B5E273CEE12002ECF1B /* RelationshipView.swift */,
			);
			path = Lecons;
			sourceTree = "<group>";
		};
/* End PBXGroup section */

/* Begin PBXNativeTarget section */
		7B94D8A1273B6A5500D5A701 /* CoreDataProject */ = {
			isa = PBXNativeTarget;
			buildConfigurationList = 7B94D8B5273B6A5600D5A701 /* Build configuration list for PBXNativeTarget "CoreDataProject" */;
			buildPhases = (
				7B94D89E273B6A5500D5A701 /* Sources */,
				7B94D89F273B6A5500D5A701 /* Frameworks */,
				7B94D8A0273B6A5500D5A701 /* Resources */,
			);
			buildRules = (
			);
			dependencies = (
			);
			name = CoreDataProject;
			productName = CoreDataProject;
			productReference = 7B94D8A2273B6A5500D5A701 /* CoreDataProject.app */;
			productType = "com.apple.product-type.application";
		};
/* End PBXNativeTarget section */

/* Begin PBXProject section */
		7B94D89A273B6A5500D5A701 /* Project object */ = {
			isa = PBXProject;
			attributes = {
				BuildIndependentTargetsInParallel = 1;
				LastSwiftUpdateCheck = 1310;
				LastUpgradeCheck = 1310;
				TargetAttributes = {
					7B94D8A1273B6A5500D5A701 = {
						CreatedOnToolsVersion = 13.1;
					};
				};
			};
			buildConfigurationList = 7B94D89D273B6A5500D5A701 /* Build configuration list for PBXProject "CoreDataProject" */;
			compatibilityVersion = "Xcode 13.0";
			developmentRegion = en;
			hasScannedForEncodings = 0;
			knownRegions = (
				en,
				Base,
			);
			mainGroup = 7B94D899273B6A5500D5A701;
			productRefGroup = 7B94D8A3273B6A5500D5A701 /* Products */;
			projectDirPath = "";
			projectRoot = "";
			targets = (
				7B94D8A1273B6A5500D5A701 /* CoreDataProject */,
			);
		};
/* End PBXProject section */

/* Begin PBXResourcesBuildPhase section */
		7B94D8A0273B6A5500D5A701 /* Resources */ = {
			isa = PBXResourcesBuildPhase;
			buildActionMask = 2147483647;
			files = (
				7B94D8AD273B6A5600D5A701 /* Preview Assets.xcassets in Resources */,
				7B94D8AA273B6A5600D5A701 /* Assets.xcassets in Resources */,
			);
			runOnlyForDeploymentPostprocessing = 0;
		};
/* End PBXResourcesBuildPhase section */

/* Begin PBXSourcesBuildPhase section */
		7B94D89E273B6A5500D5A701 /* Sources */ = {
			isa = PBXSourcesBuildPhase;
			buildActionMask = 2147483647;
			files = (
				7B9A8B53273CC5C9002ECF1B /* Singer+CoreDataProperties.swift in Sources */,
				7B94D8AF273B6A5600D5A701 /* Persistence.swift in Sources */,
				7B94D8A8273B6A5500D5A701 /* ContentView.swift in Sources */,
				7B9A8B5C273CEB83002ECF1B /* Candy+CoreDataClass.swift in Sources */,
				7B94D8C1273B91EB00D5A701 /* UniqueObjectView.swift in Sources */,
				7B9A8B5B273CEB83002ECF1B /* Country+CoreDataProperties.swift in Sources */,
				7B94D8BD273B8F7300D5A701 /* HashableView.swift in Sources */,
				7B94D8B2273B6A5600D5A701 /* CoreDataProject.xcdatamodeld in Sources */,
				7B9A8B55273CC7C7002ECF1B /* FilteredList.swift in Sources */,
				7B9A8B52273CC5C9002ECF1B /* Singer+CoreDataClass.swift in Sources */,
				7B9A8B5A273CEB83002ECF1B /* Country+CoreDataClass.swift in Sources */,
				7B94D8BA273B8D4400D5A701 /* Movie+CoreDataClass.swift in Sources */,
				7B94D8BF273B913600D5A701 /* ConditionalSavingView.swift in Sources */,
				7B9A8B4D273CBC1D002ECF1B /* FileteringView.swift in Sources */,
				7B9A8B4F273CC557002ECF1B /* DynamicFilteringView.swift in Sources */,
				7B9A8B5D273CEB83002ECF1B /* Candy+CoreDataProperties.swift in Sources */,
				7B9A8B5F273CEE12002ECF1B /* RelationshipView.swift in Sources */,
				7B94D8BB273B8D4400D5A701 /* Movie+CoreDataProperties.swift in Sources */,
				7B94D8A6273B6A5500D5A701 /* CoreDataProjectApp.swift in Sources */,
			);
			runOnlyForDeploymentPostprocessing = 0;
		};
/* End PBXSourcesBuildPhase section */

/* Begin XCBuildConfiguration section */
		7B94D8B3273B6A5600D5A701 /* Debug */ = {
			isa = XCBuildConfiguration;
			buildSettings = {
				ALWAYS_SEARCH_USER_PATHS = NO;
				CLANG_ANALYZER_NONNULL = YES;
				CLANG_ANALYZER_NUMBER_OBJECT_CONVERSION = YES_AGGRESSIVE;
				CLANG_CXX_LANGUAGE_STANDARD = "gnu++17";
				CLANG_CXX_LIBRARY = "libc++";
				CLANG_ENABLE_MODULES = YES;
				CLANG_ENABLE_OBJC_ARC = YES;
				CLANG_ENABLE_OBJC_WEAK = YES;
				CLANG_WARN_BLOCK_CAPTURE_AUTORELEASING = YES;
				CLANG_WARN_BOOL_CONVERSION = YES;
				CLANG_WARN_COMMA = YES;
				CLANG_WARN_CONSTANT_CONVERSION = YES;
				CLANG_WARN_DEPRECATED_OBJC_IMPLEMENTATIONS = YES;
				CLANG_WARN_DIRECT_OBJC_ISA_USAGE = YES_ERROR;
				CLANG_WARN_DOCUMENTATION_COMMENTS = YES;
				CLANG_WARN_EMPTY_BODY = YES;
				CLANG_WARN_ENUM_CONVERSION = YES;
				CLANG_WARN_INFINITE_RECURSION = YES;
				CLANG_WARN_INT_CONVERSION = YES;
				CLANG_WARN_NON_LITERAL_NULL_CONVERSION = YES;
				CLANG_WARN_OBJC_IMPLICIT_RETAIN_SELF = YES;
				CLANG_WARN_OBJC_LITERAL_CONVERSION = YES;
				CLANG_WARN_OBJC_ROOT_CLASS = YES_ERROR;
				CLANG_WARN_QUOTED_INCLUDE_IN_FRAMEWORK_HEADER = YES;
				CLANG_WARN_RANGE_LOOP_ANALYSIS = YES;
				CLANG_WARN_STRICT_PROTOTYPES = YES;
				CLANG_WARN_SUSPICIOUS_MOVE = YES;
				CLANG_WARN_UNGUARDED_AVAILABILITY = YES_AGGRESSIVE;
				CLANG_WARN_UNREACHABLE_CODE = YES;
				CLANG_WARN__DUPLICATE_METHOD_MATCH = YES;
				COPY_PHASE_STRIP = NO;
				DEBUG_INFORMATION_FORMAT = dwarf;
				ENABLE_STRICT_OBJC_MSGSEND = YES;
				ENABLE_TESTABILITY = YES;
				GCC_C_LANGUAGE_STANDARD = gnu11;
				GCC_DYNAMIC_NO_PIC = NO;
				GCC_NO_COMMON_BLOCKS = YES;
				GCC_OPTIMIZATION_LEVEL = 0;
				GCC_PREPROCESSOR_DEFINITIONS = (
					"DEBUG=1",
					"$(inherited)",
				);
				GCC_WARN_64_TO_32_BIT_CONVERSION = YES;
				GCC_WARN_ABOUT_RETURN_TYPE = YES_ERROR;
				GCC_WARN_UNDECLARED_SELECTOR = YES;
				GCC_WARN_UNINITIALIZED_AUTOS = YES_AGGRESSIVE;
				GCC_WARN_UNUSED_FUNCTION = YES;
				GCC_WARN_UNUSED_VARIABLE = YES;
				IPHONEOS_DEPLOYMENT_TARGET = 15.0;
				MTL_ENABLE_DEBUG_INFO = INCLUDE_SOURCE;
				MTL_FAST_MATH = YES;
				ONLY_ACTIVE_ARCH = YES;
				SDKROOT = iphoneos;
				SWIFT_ACTIVE_COMPILATION_CONDITIONS = DEBUG;
				SWIFT_OPTIMIZATION_LEVEL = "-Onone";
			};
			name = Debug;
		};
		7B94D8B4273B6A5600D5A701 /* Release */ = {
			isa = XCBuildConfiguration;
			buildSettings = {
				ALWAYS_SEARCH_USER_PATHS = NO;
				CLANG_ANALYZER_NONNULL = YES;
				CLANG_ANALYZER_NUMBER_OBJECT_CONVERSION = YES_AGGRESSIVE;
				CLANG_CXX_LANGUAGE_STANDARD = "gnu++17";
				CLANG_CXX_LIBRARY = "libc++";
				CLANG_ENABLE_MODULES = YES;
				CLANG_ENABLE_OBJC_ARC = YES;
				CLANG_ENABLE_OBJC_WEAK = YES;
				CLANG_WARN_BLOCK_CAPTURE_AUTORELEASING = YES;
				CLANG_WARN_BOOL_CONVERSION = YES;
				CLANG_WARN_COMMA = YES;
				CLANG_WARN_CONSTANT_CONVERSION = YES;
				CLANG_WARN_DEPRECATED_OBJC_IMPLEMENTATIONS = YES;
				CLANG_WARN_DIRECT_OBJC_ISA_USAGE = YES_ERROR;
				CLANG_WARN_DOCUMENTATION_COMMENTS = YES;
				CLANG_WARN_EMPTY_BODY = YES;
				CLANG_WARN_ENUM_CONVERSION = YES;
				CLANG_WARN_INFINITE_RECURSION = YES;
				CLANG_WARN_INT_CONVERSION = YES;
				CLANG_WARN_NON_LITERAL_NULL_CONVERSION = YES;
				CLANG_WARN_OBJC_IMPLICIT_RETAIN_SELF = YES;
				CLANG_WARN_OBJC_LITERAL_CONVERSION = YES;
				CLANG_WARN_OBJC_ROOT_CLASS = YES_ERROR;
				CLANG_WARN_QUOTED_INCLUDE_IN_FRAMEWORK_HEADER = YES;
				CLANG_WARN_RANGE_LOOP_ANALYSIS = YES;
				CLANG_WARN_STRICT_PROTOTYPES = YES;
				CLANG_WARN_SUSPICIOUS_MOVE = YES;
				CLANG_WARN_UNGUARDED_AVAILABILITY = YES_AGGRESSIVE;
				CLANG_WARN_UNREACHABLE_CODE = YES;
				CLANG_WARN__DUPLICATE_METHOD_MATCH = YES;
				COPY_PHASE_STRIP = NO;
				DEBUG_INFORMATION_FORMAT = "dwarf-with-dsym";
				ENABLE_NS_ASSERTIONS = NO;
				ENABLE_STRICT_OBJC_MSGSEND = YES;
				GCC_C_LANGUAGE_STANDARD = gnu11;
				GCC_NO_COMMON_BLOCKS = YES;
				GCC_WARN_64_TO_32_BIT_CONVERSION = YES;
				GCC_WARN_ABOUT_RETURN_TYPE = YES_ERROR;
				GCC_WARN_UNDECLARED_SELECTOR = YES;
				GCC_WARN_UNINITIALIZED_AUTOS = YES_AGGRESSIVE;
				GCC_WARN_UNUSED_FUNCTION = YES;
				GCC_WARN_UNUSED_VARIABLE = YES;
				IPHONEOS_DEPLOYMENT_TARGET = 15.0;
				MTL_ENABLE_DEBUG_INFO = NO;
				MTL_FAST_MATH = YES;
				SDKROOT = iphoneos;
				SWIFT_COMPILATION_MODE = wholemodule;
				SWIFT_OPTIMIZATION_LEVEL = "-O";
				VALIDATE_PRODUCT = YES;
			};
			name = Release;
		};
		7B94D8B6273B6A5600D5A701 /* Debug */ = {
			isa = XCBuildConfiguration;
			buildSettings = {
				ASSETCATALOG_COMPILER_APPICON_NAME = AppIcon;
				ASSETCATALOG_COMPILER_GLOBAL_ACCENT_COLOR_NAME = AccentColor;
				CODE_SIGN_STYLE = Automatic;
				CURRENT_PROJECT_VERSION = 1;
				DEVELOPMENT_ASSET_PATHS = "\"CoreDataProject/Preview Content\"";
				DEVELOPMENT_TEAM = 5K8DY798Z4;
				ENABLE_PREVIEWS = YES;
				GENERATE_INFOPLIST_FILE = YES;
				INFOPLIST_KEY_UIApplicationSceneManifest_Generation = YES;
				INFOPLIST_KEY_UIApplicationSupportsIndirectInputEvents = YES;
				INFOPLIST_KEY_UILaunchScreen_Generation = YES;
				INFOPLIST_KEY_UISupportedInterfaceOrientations_iPad = "UIInterfaceOrientationPortrait UIInterfaceOrientationPortraitUpsideDown UIInterfaceOrientationLandscapeLeft UIInterfaceOrientationLandscapeRight";
				INFOPLIST_KEY_UISupportedInterfaceOrientations_iPhone = "UIInterfaceOrientationPortrait UIInterfaceOrientationLandscapeLeft UIInterfaceOrientationLandscapeRight";
				LD_RUNPATH_SEARCH_PATHS = (
					"$(inherited)",
					"@executable_path/Frameworks",
				);
				MARKETING_VERSION = 1.0;
				PRODUCT_BUNDLE_IDENTIFIER = com.JonathanGaffe.CoreDataProject;
				PRODUCT_NAME = "$(TARGET_NAME)";
				SWIFT_EMIT_LOC_STRINGS = YES;
				SWIFT_VERSION = 5.0;
				TARGETED_DEVICE_FAMILY = "1,2";
			};
			name = Debug;
		};
		7B94D8B7273B6A5600D5A701 /* Release */ = {
			isa = XCBuildConfiguration;
			buildSettings = {
				ASSETCATALOG_COMPILER_APPICON_NAME = AppIcon;
				ASSETCATALOG_COMPILER_GLOBAL_ACCENT_COLOR_NAME = AccentColor;
				CODE_SIGN_STYLE = Automatic;
				CURRENT_PROJECT_VERSION = 1;
				DEVELOPMENT_ASSET_PATHS = "\"CoreDataProject/Preview Content\"";
				DEVELOPMENT_TEAM = 5K8DY798Z4;
				ENABLE_PREVIEWS = YES;
				GENERATE_INFOPLIST_FILE = YES;
				INFOPLIST_KEY_UIApplicationSceneManifest_Generation = YES;
				INFOPLIST_KEY_UIApplicationSupportsIndirectInputEvents = YES;
				INFOPLIST_KEY_UILaunchScreen_Generation = YES;
				INFOPLIST_KEY_UISupportedInterfaceOrientations_iPad = "UIInterfaceOrientationPortrait UIInterfaceOrientationPortraitUpsideDown UIInterfaceOrientationLandscapeLeft UIInterfaceOrientationLandscapeRight";
				INFOPLIST_KEY_UISupportedInterfaceOrientations_iPhone = "UIInterfaceOrientationPortrait UIInterfaceOrientationLandscapeLeft UIInterfaceOrientationLandscapeRight";
				LD_RUNPATH_SEARCH_PATHS = (
					"$(inherited)",
					"@executable_path/Frameworks",
				);
				MARKETING_VERSION = 1.0;
				PRODUCT_BUNDLE_IDENTIFIER = com.JonathanGaffe.CoreDataProject;
				PRODUCT_NAME = "$(TARGET_NAME)";
				SWIFT_EMIT_LOC_STRINGS = YES;
				SWIFT_VERSION = 5.0;
				TARGETED_DEVICE_FAMILY = "1,2";
			};
			name = Release;
		};
/* End XCBuildConfiguration section */

/* Begin XCConfigurationList section */
		7B94D89D273B6A5500D5A701 /* Build configuration list for PBXProject "CoreDataProject" */ = {
			isa = XCConfigurationList;
			buildConfigurations = (
				7B94D8B3273B6A5600D5A701 /* Debug */,
				7B94D8B4273B6A5600D5A701 /* Release */,
			);
			defaultConfigurationIsVisible = 0;
			defaultConfigurationName = Release;
		};
		7B94D8B5273B6A5600D5A701 /* Build configuration list for PBXNativeTarget "CoreDataProject" */ = {
			isa = XCConfigurationList;
			buildConfigurations = (
				7B94D8B6273B6A5600D5A701 /* Debug */,
				7B94D8B7273B6A5600D5A701 /* Release */,
			);
			defaultConfigurationIsVisible = 0;
			defaultConfigurationName = Release;
		};
/* End XCConfigurationList section */

/* Begin XCVersionGroup section */
		7B94D8B0273B6A5600D5A701 /* CoreDataProject.xcdatamodeld */ = {
			isa = XCVersionGroup;
			children = (
				7B94D8B1273B6A5600D5A701 /* CoreDataProject.xcdatamodel */,
			);
			currentVersion = 7B94D8B1273B6A5600D5A701 /* CoreDataProject.xcdatamodel */;
			path = CoreDataProject.xcdatamodeld;
			sourceTree = "<group>";
			versionGroupType = wrapper.xcdatamodel;
		};
/* End XCVersionGroup section */
	};
	rootObject = 7B94D89A273B6A5500D5A701 /* Project object */;
}
